lockfileVersion: 5.3

specifiers:
  '@types/lodash-es': ^4.17.6
  less: ^4.1.2
  lodash-es: ^4.17.21
  postcss: ^8.4.12
  postcss-preset-env: ^7.4.3
  vite: ^2.8.6

devDependencies:
  '@types/lodash-es': 4.17.6
  less: 4.1.2
  lodash-es: 4.17.21
  postcss: 8.4.12
  postcss-preset-env: 7.4.3_postcss@8.4.12
  vite: 2.8.6_less@4.1.2

packages:

  /@csstools/postcss-color-function/1.0.3_postcss@8.4.12:
    resolution: {integrity: sha512-J26I69pT2B3MYiLY/uzCGKVJyMYVg9TCpXkWsRlt+Yfq+nELUEm72QXIMYXs4xA9cJA4Oqs2EylrfokKl3mJEQ==}
    engines: {node: ^12 || ^14 || >=16}
    peerDependencies:
      postcss: ^8.4
    dependencies:
      '@csstools/postcss-progressive-custom-properties': 1.3.0_postcss@8.4.12
      postcss: 8.4.12
      postcss-value-parser: 4.2.0
    dev: true

  /@csstools/postcss-font-format-keywords/1.0.0_postcss@8.4.12:
    resolution: {integrity: sha512-oO0cZt8do8FdVBX8INftvIA4lUrKUSCcWUf9IwH9IPWOgKT22oAZFXeHLoDK7nhB2SmkNycp5brxfNMRLIhd6Q==}
    engines: {node: ^12 || ^14 || >=16}
    peerDependencies:
      postcss: ^8.3
    dependencies:
      postcss: 8.4.12
      postcss-value-parser: 4.2.0
    dev: true

  /@csstools/postcss-hwb-function/1.0.0_postcss@8.4.12:
    resolution: {integrity: sha512-VSTd7hGjmde4rTj1rR30sokY3ONJph1reCBTUXqeW1fKwETPy1x4t/XIeaaqbMbC5Xg4SM/lyXZ2S8NELT2TaA==}
    engines: {node: ^12 || ^14 || >=16}
    peerDependencies:
      postcss: ^8.3
    dependencies:
      postcss: 8.4.12
      postcss-value-parser: 4.2.0
    dev: true

  /@csstools/postcss-ic-unit/1.0.0_postcss@8.4.12:
    resolution: {integrity: sha512-i4yps1mBp2ijrx7E96RXrQXQQHm6F4ym1TOD0D69/sjDjZvQ22tqiEvaNw7pFZTUO5b9vWRHzbHzP9+UKuw+bA==}
    engines: {node: ^12 || ^14 || >=16}
    peerDependencies:
      postcss: ^8.3
    dependencies:
      '@csstools/postcss-progressive-custom-properties': 1.3.0_postcss@8.4.12
      postcss: 8.4.12
      postcss-value-parser: 4.2.0
    dev: true

  /@csstools/postcss-is-pseudo-class/2.0.1_postcss@8.4.12:
    resolution: {integrity: sha512-Og5RrTzwFhrKoA79c3MLkfrIBYmwuf/X83s+JQtz/Dkk/MpsaKtqHV1OOzYkogQ+tj3oYp5Mq39XotBXNqVc3Q==}
    engines: {node: ^12 || ^14 || >=16}
    peerDependencies:
      postcss: ^8.4
    dependencies:
      postcss: 8.4.12
      postcss-selector-parser: 6.0.9
    dev: true

  /@csstools/postcss-normalize-display-values/1.0.0_postcss@8.4.12:
    resolution: {integrity: sha512-bX+nx5V8XTJEmGtpWTO6kywdS725t71YSLlxWt78XoHUbELWgoCXeOFymRJmL3SU1TLlKSIi7v52EWqe60vJTQ==}
    engines: {node: ^12 || ^14 || >=16}
    peerDependencies:
      postcss: ^8.3
    dependencies:
      postcss: 8.4.12
      postcss-value-parser: 4.2.0
    dev: true

  /@csstools/postcss-oklab-function/1.0.2_postcss@8.4.12:
    resolution: {integrity: sha512-QwhWesEkMlp4narAwUi6pgc6kcooh8cC7zfxa9LSQNYXqzcdNUtNBzbGc5nuyAVreb7uf5Ox4qH1vYT3GA1wOg==}
    engines: {node: ^12 || ^14 || >=16}
    peerDependencies:
      postcss: ^8.4
    dependencies:
      '@csstools/postcss-progressive-custom-properties': 1.3.0_postcss@8.4.12
      postcss: 8.4.12
      postcss-value-parser: 4.2.0
    dev: true

  /@csstools/postcss-progressive-custom-properties/1.3.0_postcss@8.4.12:
    resolution: {integrity: sha512-ASA9W1aIy5ygskZYuWams4BzafD12ULvSypmaLJT2jvQ8G0M3I8PRQhC0h7mG0Z3LI05+agZjqSR9+K9yaQQjA==}
    engines: {node: ^12 || ^14 || >=16}
    peerDependencies:
      postcss: ^8.3
    dependencies:
      postcss: 8.4.12
      postcss-value-parser: 4.2.0
    dev: true

  /@types/lodash-es/4.17.6:
    resolution: {integrity: sha512-R+zTeVUKDdfoRxpAryaQNRKk3105Rrgx2CFRClIgRGaqDTdjsm8h6IYA8ir584W3ePzkZfst5xIgDwYrlh9HLg==}
    dependencies:
      '@types/lodash': 4.14.180
    dev: true

  /@types/lodash/4.14.180:
    resolution: {integrity: sha512-XOKXa1KIxtNXgASAnwj7cnttJxS4fksBRywK/9LzRV5YxrF80BXZIGeQSuoESQ/VkUj30Ae0+YcuHc15wJCB2g==}
    dev: true

  /autoprefixer/10.4.4_postcss@8.4.12:
    resolution: {integrity: sha512-Tm8JxsB286VweiZ5F0anmbyGiNI3v3wGv3mz9W+cxEDYB/6jbnj6GM9H9mK3wIL8ftgl+C07Lcwb8PG5PCCPzA==}
    engines: {node: ^10 || ^12 || >=14}
    hasBin: true
    peerDependencies:
      postcss: ^8.1.0
    dependencies:
      browserslist: 4.20.2
      caniuse-lite: 1.0.30001319
      fraction.js: 4.2.0
      normalize-range: 0.1.2
      picocolors: 1.0.0
      postcss: 8.4.12
      postcss-value-parser: 4.2.0
    dev: true

  /balanced-match/1.0.2:
    resolution: {integrity: sha512-3oSeUO0TMV67hN1AmbXsK4yaqU7tjiHlbxRDZOpH0KW9+CeX4bRAaX0Anxt0tx2MrpRpWwQaPwIlISEJhYU5Pw==}
    dev: true

  /browserslist/4.20.2:
    resolution: {integrity: sha512-CQOBCqp/9pDvDbx3xfMi+86pr4KXIf2FDkTTdeuYw8OxS9t898LA1Khq57gtufFILXpfgsSx5woNgsBgvGjpsA==}
    engines: {node: ^6 || ^7 || ^8 || ^9 || ^10 || ^11 || ^12 || >=13.7}
    hasBin: true
    dependencies:
      caniuse-lite: 1.0.30001319
      electron-to-chromium: 1.4.88
      escalade: 3.1.1
      node-releases: 2.0.2
      picocolors: 1.0.0
    dev: true

  /caniuse-lite/1.0.30001319:
    resolution: {integrity: sha512-xjlIAFHucBRSMUo1kb5D4LYgcN1M45qdKP++lhqowDpwJwGkpIRTt5qQqnhxjj1vHcI7nrJxWhCC1ATrCEBTcw==}
    dev: true

  /copy-anything/2.0.6:
    resolution: {integrity: sha512-1j20GZTsvKNkc4BY3NpMOM8tt///wY3FpIzozTOFO2ffuZcV61nojHXVKIy3WM+7ADCy5FVhdZYHYDdgTU0yJw==}
    dependencies:
      is-what: 3.14.1
    dev: true

  /css-blank-pseudo/3.0.3_postcss@8.4.12:
    resolution: {integrity: sha512-VS90XWtsHGqoM0t4KpH053c4ehxZ2E6HtGI7x68YFV0pTo/QmkV/YFA+NnlvK8guxZVNWGQhVNJGC39Q8XF4OQ==}
    engines: {node: ^12 || ^14 || >=16}
    hasBin: true
    peerDependencies:
      postcss: ^8.4
    dependencies:
      postcss: 8.4.12
      postcss-selector-parser: 6.0.9
    dev: true

  /css-has-pseudo/3.0.4_postcss@8.4.12:
    resolution: {integrity: sha512-Vse0xpR1K9MNlp2j5w1pgWIJtm1a8qS0JwS9goFYcImjlHEmywP9VUF05aGBXzGpDJF86QXk4L0ypBmwPhGArw==}
    engines: {node: ^12 || ^14 || >=16}
    hasBin: true
    peerDependencies:
      postcss: ^8.4
    dependencies:
      postcss: 8.4.12
      postcss-selector-parser: 6.0.9
    dev: true

  /css-prefers-color-scheme/6.0.3_postcss@8.4.12:
    resolution: {integrity: sha512-4BqMbZksRkJQx2zAjrokiGMd07RqOa2IxIrrN10lyBe9xhn9DEvjUK79J6jkeiv9D9hQFXKb6g1jwU62jziJZA==}
    engines: {node: ^12 || ^14 || >=16}
    hasBin: true
    peerDependencies:
      postcss: ^8.4
    dependencies:
      postcss: 8.4.12
    dev: true

  /cssdb/6.5.0:
    resolution: {integrity: sha512-Rh7AAopF2ckPXe/VBcoUS9JrCZNSyc60+KpgE6X25vpVxA32TmiqvExjkfhwP4wGSb6Xe8Z/JIyGqwgx/zZYFA==}
    dev: true

  /cssesc/3.0.0:
    resolution: {integrity: sha512-/Tb/JcjK111nNScGob5MNtsntNM1aCNUDipB/TkwZFhyDrrE47SOx/18wF2bbjgc3ZzCSKW1T5nt5EbFoAz/Vg==}
    engines: {node: '>=4'}
    hasBin: true
    dev: true

  /debug/3.2.7:
    resolution: {integrity: sha512-CFjzYYAi4ThfiQvizrFQevTTXHtnCqWfe7x1AhgEscTz6ZbLbfoLRLPugTQyBth6f8ZERVUSyWHFD/7Wu4t1XQ==}
    dependencies:
      ms: 2.1.3
    dev: true
    optional: true

  /electron-to-chromium/1.4.88:
    resolution: {integrity: sha512-oA7mzccefkvTNi9u7DXmT0LqvhnOiN2BhSrKerta7HeUC1cLoIwtbf2wL+Ah2ozh5KQd3/1njrGrwDBXx6d14Q==}
    dev: true

  /errno/0.1.8:
    resolution: {integrity: sha512-dJ6oBr5SQ1VSd9qkk7ByRgb/1SH4JZjCHSW/mr63/QcXO9zLVxvJ6Oy13nio03rxpSnVDDjFor75SjVeZWPW/A==}
    hasBin: true
    requiresBuild: true
    dependencies:
      prr: 1.0.1
    dev: true
    optional: true

  /esbuild-android-64/0.14.27:
    resolution: {integrity: sha512-LuEd4uPuj/16Y8j6kqy3Z2E9vNY9logfq8Tq+oTE2PZVuNs3M1kj5Qd4O95ee66yDGb3isaOCV7sOLDwtMfGaQ==}
    engines: {node: '>=12'}
    cpu: [x64]
    os: [android]
    requiresBuild: true
    dev: true
    optional: true

  /esbuild-android-arm64/0.14.27:
    resolution: {integrity: sha512-E8Ktwwa6vX8q7QeJmg8yepBYXaee50OdQS3BFtEHKrzbV45H4foMOeEE7uqdjGQZFBap5VAqo7pvjlyA92wznQ==}
    engines: {node: '>=12'}
    cpu: [arm64]
    os: [android]
    requiresBuild: true
    dev: true
    optional: true

  /esbuild-darwin-64/0.14.27:
    resolution: {integrity: sha512-czw/kXl/1ZdenPWfw9jDc5iuIYxqUxgQ/Q+hRd4/3udyGGVI31r29LCViN2bAJgGvQkqyLGVcG03PJPEXQ5i2g==}
    engines: {node: '>=12'}
    cpu: [x64]
    os: [darwin]
    requiresBuild: true
    dev: true
    optional: true

  /esbuild-darwin-arm64/0.14.27:
    resolution: {integrity: sha512-BEsv2U2U4o672oV8+xpXNxN9bgqRCtddQC6WBh4YhXKDcSZcdNh7+6nS+DM2vu7qWIWNA4JbRG24LUUYXysimQ==}
    engines: {node: '>=12'}
    cpu: [arm64]
    os: [darwin]
    requiresBuild: true
    dev: true
    optional: true

  /esbuild-freebsd-64/0.14.27:
    resolution: {integrity: sha512-7FeiFPGBo+ga+kOkDxtPmdPZdayrSzsV9pmfHxcyLKxu+3oTcajeZlOO1y9HW+t5aFZPiv7czOHM4KNd0tNwCA==}
    engines: {node: '>=12'}
    cpu: [x64]
    os: [freebsd]
    requiresBuild: true
    dev: true
    optional: true

  /esbuild-freebsd-arm64/0.14.27:
    resolution: {integrity: sha512-8CK3++foRZJluOWXpllG5zwAVlxtv36NpHfsbWS7TYlD8S+QruXltKlXToc/5ZNzBK++l6rvRKELu/puCLc7jA==}
    engines: {node: '>=12'}
    cpu: [arm64]
    os: [freebsd]
    requiresBuild: true
    dev: true
    optional: true

  /esbuild-linux-32/0.14.27:
    resolution: {integrity: sha512-qhNYIcT+EsYSBClZ5QhLzFzV5iVsP1YsITqblSaztr3+ZJUI+GoK8aXHyzKd7/CKKuK93cxEMJPpfi1dfsOfdw==}
    engines: {node: '>=12'}
    cpu: [ia32]
    os: [linux]
    requiresBuild: true
    dev: true
    optional: true

  /esbuild-linux-64/0.14.27:
    resolution: {integrity: sha512-ESjck9+EsHoTaKWlFKJpPZRN26uiav5gkI16RuI8WBxUdLrrAlYuYSndxxKgEn1csd968BX/8yQZATYf/9+/qg==}
    engines: {node: '>=12'}
    cpu: [x64]
    os: [linux]
    requiresBuild: true
    dev: true
    optional: true

  /esbuild-linux-arm/0.14.27:
    resolution: {integrity: sha512-JnnmgUBdqLQO9hoNZQqNHFWlNpSX82vzB3rYuCJMhtkuaWQEmQz6Lec1UIxJdC38ifEghNTBsF9bbe8dFilnCw==}
    engines: {node: '>=12'}
    cpu: [arm]
    os: [linux]
    requiresBuild: true
    dev: true
    optional: true

  /esbuild-linux-arm64/0.14.27:
    resolution: {integrity: sha512-no6Mi17eV2tHlJnqBHRLekpZ2/VYx+NfGxKcBE/2xOMYwctsanCaXxw4zapvNrGE9X38vefVXLz6YCF8b1EHiQ==}
    engines: {node: '>=12'}
    cpu: [arm64]
    os: [linux]
    requiresBuild: true
    dev: true
    optional: true

  /esbuild-linux-mips64le/0.14.27:
    resolution: {integrity: sha512-NolWP2uOvIJpbwpsDbwfeExZOY1bZNlWE/kVfkzLMsSgqeVcl5YMen/cedRe9mKnpfLli+i0uSp7N+fkKNU27A==}
    engines: {node: '>=12'}
    cpu: [mips64el]
    os: [linux]
    requiresBuild: true
    dev: true
    optional: true

  /esbuild-linux-ppc64le/0.14.27:
    resolution: {integrity: sha512-/7dTjDvXMdRKmsSxKXeWyonuGgblnYDn0MI1xDC7J1VQXny8k1qgNp6VmrlsawwnsymSUUiThhkJsI+rx0taNA==}
    engines: {node: '>=12'}
    cpu: [ppc64]
    os: [linux]
    requiresBuild: true
    dev: true
    optional: true

  /esbuild-linux-riscv64/0.14.27:
    resolution: {integrity: sha512-D+aFiUzOJG13RhrSmZgrcFaF4UUHpqj7XSKrIiCXIj1dkIkFqdrmqMSOtSs78dOtObWiOrFCDDzB24UyeEiNGg==}
    engines: {node: '>=12'}
    cpu: [riscv64]
    os: [linux]
    requiresBuild: true
    dev: true
    optional: true

  /esbuild-linux-s390x/0.14.27:
    resolution: {integrity: sha512-CD/D4tj0U4UQjELkdNlZhQ8nDHU5rBn6NGp47Hiz0Y7/akAY5i0oGadhEIg0WCY/HYVXFb3CsSPPwaKcTOW3bg==}
    engines: {node: '>=12'}
    cpu: [s390x]
    os: [linux]
    requiresBuild: true
    dev: true
    optional: true

  /esbuild-netbsd-64/0.14.27:
    resolution: {integrity: sha512-h3mAld69SrO1VoaMpYl3a5FNdGRE/Nqc+E8VtHOag4tyBwhCQXxtvDDOAKOUQexBGca0IuR6UayQ4ntSX5ij1Q==}
    engines: {node: '>=12'}
    cpu: [x64]
    os: [netbsd]
    requiresBuild: true
    dev: true
    optional: true

  /esbuild-openbsd-64/0.14.27:
    resolution: {integrity: sha512-xwSje6qIZaDHXWoPpIgvL+7fC6WeubHHv18tusLYMwL+Z6bEa4Pbfs5IWDtQdHkArtfxEkIZz77944z8MgDxGw==}
    engines: {node: '>=12'}
    cpu: [x64]
    os: [openbsd]
    requiresBuild: true
    dev: true
    optional: true

  /esbuild-sunos-64/0.14.27:
    resolution: {integrity: sha512-/nBVpWIDjYiyMhuqIqbXXsxBc58cBVH9uztAOIfWShStxq9BNBik92oPQPJ57nzWXRNKQUEFWr4Q98utDWz7jg==}
    engines: {node: '>=12'}
    cpu: [x64]
    os: [sunos]
    requiresBuild: true
    dev: true
    optional: true

  /esbuild-windows-32/0.14.27:
    resolution: {integrity: sha512-Q9/zEjhZJ4trtWhFWIZvS/7RUzzi8rvkoaS9oiizkHTTKd8UxFwn/Mm2OywsAfYymgUYm8+y2b+BKTNEFxUekw==}
    engines: {node: '>=12'}
    cpu: [ia32]
    os: [win32]
    requiresBuild: true
    dev: true
    optional: true

  /esbuild-windows-64/0.14.27:
    resolution: {integrity: sha512-b3y3vTSl5aEhWHK66ngtiS/c6byLf6y/ZBvODH1YkBM+MGtVL6jN38FdHUsZasCz9gFwYs/lJMVY9u7GL6wfYg==}
    engines: {node: '>=12'}
    cpu: [x64]
    os: [win32]
    requiresBuild: true
    dev: true
    optional: true

  /esbuild-windows-arm64/0.14.27:
    resolution: {integrity: sha512-I/reTxr6TFMcR5qbIkwRGvldMIaiBu2+MP0LlD7sOlNXrfqIl9uNjsuxFPGEG4IRomjfQ5q8WT+xlF/ySVkqKg==}
    engines: {node: '>=12'}
    cpu: [arm64]
    os: [win32]
    requiresBuild: true
    dev: true
    optional: true

  /esbuild/0.14.27:
    resolution: {integrity: sha512-MZQt5SywZS3hA9fXnMhR22dv0oPGh6QtjJRIYbgL1AeqAoQZE+Qn5ppGYQAoHv/vq827flj4tIJ79Mrdiwk46Q==}
    engines: {node: '>=12'}
    hasBin: true
    requiresBuild: true
    optionalDependencies:
      esbuild-android-64: 0.14.27
      esbuild-android-arm64: 0.14.27
      esbuild-darwin-64: 0.14.27
      esbuild-darwin-arm64: 0.14.27
      esbuild-freebsd-64: 0.14.27
      esbuild-freebsd-arm64: 0.14.27
      esbuild-linux-32: 0.14.27
      esbuild-linux-64: 0.14.27
      esbuild-linux-arm: 0.14.27
      esbuild-linux-arm64: 0.14.27
      esbuild-linux-mips64le: 0.14.27
      esbuild-linux-ppc64le: 0.14.27
      esbuild-linux-riscv64: 0.14.27
      esbuild-linux-s390x: 0.14.27
      esbuild-netbsd-64: 0.14.27
      esbuild-openbsd-64: 0.14.27
      esbuild-sunos-64: 0.14.27
      esbuild-windows-32: 0.14.27
      esbuild-windows-64: 0.14.27
      esbuild-windows-arm64: 0.14.27
    dev: true

  /escalade/3.1.1:
    resolution: {integrity: sha512-k0er2gUkLf8O0zKJiAhmkTnJlTvINGv7ygDNPbeIsX/TJjGJZHuh9B2UxbsaEkmlEo9MfhrSzmhIlhRlI2GXnw==}
    engines: {node: '>=6'}
    dev: true

  /fraction.js/4.2.0:
    resolution: {integrity: sha512-MhLuK+2gUcnZe8ZHlaaINnQLl0xRIGRfcGk2yl8xoQAfHrSsL3rYu6FCmBdkdbhc9EPlwyGHewaRsvwRMJtAlA==}
    dev: true

  /fsevents/2.3.2:
    resolution: {integrity: sha512-xiqMQR4xAeHTuB9uWm+fFRcIOgKBMiOBP+eXiyT7jsgVCq1bkVygt00oASowB7EdtpOHaaPgKt812P9ab+DDKA==}
    engines: {node: ^8.16.0 || ^10.6.0 || >=11.0.0}
    os: [darwin]
    requiresBuild: true
    dev: true
    optional: true

  /function-bind/1.1.1:
    resolution: {integrity: sha512-yIovAzMX49sF8Yl58fSCWJ5svSLuaibPxXQJFLmBObTuCr0Mf1KiPopGM9NiFjiYBCbfaa2Fh6breQ6ANVTI0A==}
    dev: true

  /graceful-fs/4.2.9:
    resolution: {integrity: sha512-NtNxqUcXgpW2iMrfqSfR73Glt39K+BLwWsPs94yR63v45T0Wbej7eRmL5cWfwEgqXnmjQp3zaJTshdRW/qC2ZQ==}
    requiresBuild: true
    dev: true
    optional: true

  /has/1.0.3:
    resolution: {integrity: sha512-f2dvO0VU6Oej7RkWJGrehjbzMAjFp5/VKPp5tTpWIV4JHHZK1/BxbFRtf/siA2SWTe09caDmVtYYzWEIbBS4zw==}
    engines: {node: '>= 0.4.0'}
    dependencies:
      function-bind: 1.1.1
    dev: true

  /iconv-lite/0.4.24:
    resolution: {integrity: sha512-v3MXnZAcvnywkTUEZomIActle7RXXeedOR31wwl7VlyoXO4Qi9arvSenNQWne1TcRwhCL1HwLI21bEqdpj8/rA==}
    engines: {node: '>=0.10.0'}
    dependencies:
      safer-buffer: 2.1.2
    dev: true
    optional: true

  /image-size/0.5.5:
    resolution: {integrity: sha1-Cd/Uq50g4p6xw+gLiZA3jfnjy5w=}
    engines: {node: '>=0.10.0'}
    hasBin: true
    requiresBuild: true
    dev: true
    optional: true

  /is-core-module/2.8.1:
    resolution: {integrity: sha512-SdNCUs284hr40hFTFP6l0IfZ/RSrMXF3qgoRHd3/79unUTvrFO/JoXwkGm+5J/Oe3E/b5GsnG330uUNgRpu1PA==}
    dependencies:
      has: 1.0.3
    dev: true

  /is-what/3.14.1:
    resolution: {integrity: sha512-sNxgpk9793nzSs7bA6JQJGeIuRBQhAaNGG77kzYQgMkrID+lS6SlK07K5LaptscDlSaIgH+GPFzf+d75FVxozA==}
    dev: true

  /less/4.1.2:
    resolution: {integrity: sha512-EoQp/Et7OSOVu0aJknJOtlXZsnr8XE8KwuzTHOLeVSEx8pVWUICc8Q0VYRHgzyjX78nMEyC/oztWFbgyhtNfDA==}
    engines: {node: '>=6'}
    hasBin: true
    dependencies:
      copy-anything: 2.0.6
      parse-node-version: 1.0.1
      tslib: 2.3.1
    optionalDependencies:
      errno: 0.1.8
      graceful-fs: 4.2.9
      image-size: 0.5.5
      make-dir: 2.1.0
      mime: 1.6.0
      needle: 2.9.1
      source-map: 0.6.1
    dev: true

  /lodash-es/4.17.21:
    resolution: {integrity: sha512-mKnC+QJ9pWVzv+C4/U3rRsHapFfHvQFoFB92e52xeyGMcX6/OlIl78je1u8vePzYZSkkogMPJ2yjxxsb89cxyw==}
    dev: true

  /make-dir/2.1.0:
    resolution: {integrity: sha512-LS9X+dc8KLxXCb8dni79fLIIUA5VyZoyjSMCwTluaXA0o27cCK0bhXkpgw+sTXVpPy/lSO57ilRixqk0vDmtRA==}
    engines: {node: '>=6'}
    requiresBuild: true
    dependencies:
      pify: 4.0.1
      semver: 5.7.1
    dev: true
    optional: true

  /mime/1.6.0:
    resolution: {integrity: sha512-x0Vn8spI+wuJ1O6S7gnbaQg8Pxh4NNHb7KSINmEWKiPE4RKOplvijn+NkmYmmRgP68mc70j2EbeTFRsrswaQeg==}
    engines: {node: '>=4'}
    hasBin: true
    requiresBuild: true
    dev: true
    optional: true

  /ms/2.1.3:
    resolution: {integrity: sha512-6FlzubTLZG3J2a/NVCAleEhjzq5oxgHyaCU9yYXvcLsvoVaHJq/s5xXI6/XXP6tz7R9xAOtHnSO/tXtF3WRTlA==}
    dev: true
    optional: true

  /nanoid/3.3.1:
    resolution: {integrity: sha512-n6Vs/3KGyxPQd6uO0eH4Bv0ojGSUvuLlIHtC3Y0kEO23YRge8H9x1GCzLn28YX0H66pMkxuaeESFq4tKISKwdw==}
    engines: {node: ^10 || ^12 || ^13.7 || ^14 || >=15.0.1}
    hasBin: true
    dev: true

  /needle/2.9.1:
    resolution: {integrity: sha512-6R9fqJ5Zcmf+uYaFgdIHmLwNldn5HbK8L5ybn7Uz+ylX/rnOsSp1AHcvQSrCaFN+qNM1wpymHqD7mVasEOlHGQ==}
    engines: {node: '>= 4.4.x'}
    hasBin: true
    requiresBuild: true
    dependencies:
      debug: 3.2.7
      iconv-lite: 0.4.24
      sax: 1.2.4
    dev: true
    optional: true

  /node-releases/2.0.2:
    resolution: {integrity: sha512-XxYDdcQ6eKqp/YjI+tb2C5WM2LgjnZrfYg4vgQt49EK268b6gYCHsBLrK2qvJo4FmCtqmKezb0WZFK4fkrZNsg==}
    dev: true

  /normalize-range/0.1.2:
    resolution: {integrity: sha1-LRDAa9/TEuqXd2laTShDlFa3WUI=}
    engines: {node: '>=0.10.0'}
    dev: true

  /parse-node-version/1.0.1:
    resolution: {integrity: sha512-3YHlOa/JgH6Mnpr05jP9eDG254US9ek25LyIxZlDItp2iJtwyaXQb57lBYLdT3MowkUFYEV2XXNAYIPlESvJlA==}
    engines: {node: '>= 0.10'}
    dev: true

  /path-parse/1.0.7:
    resolution: {integrity: sha512-LDJzPVEEEPR+y48z93A0Ed0yXb8pAByGWo/k5YYdYgpY2/2EsOsksJrq7lOHxryrVOn1ejG6oAp8ahvOIQD8sw==}
    dev: true

  /picocolors/1.0.0:
    resolution: {integrity: sha512-1fygroTLlHu66zi26VoTDv8yRgm0Fccecssto+MhsZ0D/DGW2sm8E8AjW7NU5VVTRt5GxbeZ5qBuJr+HyLYkjQ==}
    dev: true

  /pify/4.0.1:
    resolution: {integrity: sha512-uB80kBFb/tfd68bVleG9T5GGsGPjJrLAUpR5PZIrhBnIaRTQRjqdJSsIKkOP6OAIFbj7GOrcudc5pNjZ+geV2g==}
    engines: {node: '>=6'}
    dev: true
    optional: true

  /postcss-attribute-case-insensitive/5.0.0_postcss@8.4.12:
    resolution: {integrity: sha512-b4g9eagFGq9T5SWX4+USfVyjIb3liPnjhHHRMP7FMB2kFVpYyfEscV0wP3eaXhKlcHKUut8lt5BGoeylWA/dBQ==}
    peerDependencies:
      postcss: ^8.0.2
    dependencies:
      postcss: 8.4.12
      postcss-selector-parser: 6.0.9
    dev: true

  /postcss-clamp/4.1.0_postcss@8.4.12:
    resolution: {integrity: sha512-ry4b1Llo/9zz+PKC+030KUnPITTJAHeOwjfAyyB60eT0AorGLdzp52s31OsPRHRf8NchkgFoG2y6fCfn1IV1Ow==}
    engines: {node: '>=7.6.0'}
    peerDependencies:
      postcss: ^8.4.6
    dependencies:
      postcss: 8.4.12
      postcss-value-parser: 4.2.0
    dev: true

  /postcss-color-functional-notation/4.2.2_postcss@8.4.12:
    resolution: {integrity: sha512-DXVtwUhIk4f49KK5EGuEdgx4Gnyj6+t2jBSEmxvpIK9QI40tWrpS2Pua8Q7iIZWBrki2QOaeUdEaLPPa91K0RQ==}
    engines: {node: ^12 || ^14 || >=16}
    peerDependencies:
      postcss: ^8.4
    dependencies:
      postcss: 8.4.12
      postcss-value-parser: 4.2.0
    dev: true

  /postcss-color-hex-alpha/8.0.3_postcss@8.4.12:
    resolution: {integrity: sha512-fESawWJCrBV035DcbKRPAVmy21LpoyiXdPTuHUfWJ14ZRjY7Y7PA6P4g8z6LQGYhU1WAxkTxjIjurXzoe68Glw==}
    engines: {node: ^12 || ^14 || >=16}
    peerDependencies:
      postcss: ^8.4
    dependencies:
      postcss: 8.4.12
      postcss-value-parser: 4.2.0
    dev: true

  /postcss-color-rebeccapurple/7.0.2_postcss@8.4.12:
    resolution: {integrity: sha512-SFc3MaocHaQ6k3oZaFwH8io6MdypkUtEy/eXzXEB1vEQlO3S3oDc/FSZA8AsS04Z25RirQhlDlHLh3dn7XewWw==}
    engines: {node: ^12 || ^14 || >=16}
    peerDependencies:
      postcss: ^8.3
    dependencies:
      postcss: 8.4.12
      postcss-value-parser: 4.2.0
    dev: true

  /postcss-custom-media/8.0.0_postcss@8.4.12:
    resolution: {integrity: sha512-FvO2GzMUaTN0t1fBULDeIvxr5IvbDXcIatt6pnJghc736nqNgsGao5NT+5+WVLAQiTt6Cb3YUms0jiPaXhL//g==}
    engines: {node: '>=10.0.0'}
    peerDependencies:
      postcss: ^8.1.0
    dependencies:
      postcss: 8.4.12
    dev: true

  /postcss-custom-properties/12.1.5_postcss@8.4.12:
    resolution: {integrity: sha512-FHbbB/hRo/7cxLGkc2NS7cDRIDN1oFqQnUKBiyh4b/gwk8DD8udvmRDpUhEK836kB8ggUCieHVOvZDnF9XhI3g==}
    engines: {node: ^12 || ^14 || >=16}
    peerDependencies:
      postcss: ^8.4
    dependencies:
      postcss: 8.4.12
      postcss-value-parser: 4.2.0
    dev: true

  /postcss-custom-selectors/6.0.0_postcss@8.4.12:
    resolution: {integrity: sha512-/1iyBhz/W8jUepjGyu7V1OPcGbc636snN1yXEQCinb6Bwt7KxsiU7/bLQlp8GwAXzCh7cobBU5odNn/2zQWR8Q==}
    engines: {node: '>=10.0.0'}
    peerDependencies:
      postcss: ^8.1.2
    dependencies:
      postcss: 8.4.12
      postcss-selector-parser: 6.0.9
    dev: true

  /postcss-dir-pseudo-class/6.0.4_postcss@8.4.12:
    resolution: {integrity: sha512-I8epwGy5ftdzNWEYok9VjW9whC4xnelAtbajGv4adql4FIF09rnrxnA9Y8xSHN47y7gqFIv10C5+ImsLeJpKBw==}
    engines: {node: ^12 || ^14 || >=16}
    peerDependencies:
      postcss: ^8.4
    dependencies:
      postcss: 8.4.12
      postcss-selector-parser: 6.0.9
    dev: true

  /postcss-double-position-gradients/3.1.1_postcss@8.4.12:
    resolution: {integrity: sha512-jM+CGkTs4FcG53sMPjrrGE0rIvLDdCrqMzgDC5fLI7JHDO7o6QG8C5TQBtExb13hdBdoH9C2QVbG4jo2y9lErQ==}
    engines: {node: ^12 || ^14 || >=16}
    peerDependencies:
      postcss: ^8.4
    dependencies:
      '@csstools/postcss-progressive-custom-properties': 1.3.0_postcss@8.4.12
      postcss: 8.4.12
      postcss-value-parser: 4.2.0
    dev: true

  /postcss-env-function/4.0.6_postcss@8.4.12:
    resolution: {integrity: sha512-kpA6FsLra+NqcFnL81TnsU+Z7orGtDTxcOhl6pwXeEq1yFPpRMkCDpHhrz8CFQDr/Wfm0jLiNQ1OsGGPjlqPwA==}
    engines: {node: ^12 || ^14 || >=16}
    peerDependencies:
      postcss: ^8.4
    dependencies:
      postcss: 8.4.12
      postcss-value-parser: 4.2.0
    dev: true

  /postcss-focus-visible/6.0.4_postcss@8.4.12:
    resolution: {integrity: sha512-QcKuUU/dgNsstIK6HELFRT5Y3lbrMLEOwG+A4s5cA+fx3A3y/JTq3X9LaOj3OC3ALH0XqyrgQIgey/MIZ8Wczw==}
    engines: {node: ^12 || ^14 || >=16}
    peerDependencies:
      postcss: ^8.4
    dependencies:
      postcss: 8.4.12
      postcss-selector-parser: 6.0.9
    dev: true

  /postcss-focus-within/5.0.4_postcss@8.4.12:
    resolution: {integrity: sha512-vvjDN++C0mu8jz4af5d52CB184ogg/sSxAFS+oUJQq2SuCe7T5U2iIsVJtsCp2d6R4j0jr5+q3rPkBVZkXD9fQ==}
    engines: {node: ^12 || ^14 || >=16}
    peerDependencies:
      postcss: ^8.4
    dependencies:
      postcss: 8.4.12
      postcss-selector-parser: 6.0.9
    dev: true

  /postcss-font-variant/5.0.0_postcss@8.4.12:
    resolution: {integrity: sha512-1fmkBaCALD72CK2a9i468mA/+tr9/1cBxRRMXOUaZqO43oWPR5imcyPjXwuv7PXbCid4ndlP5zWhidQVVa3hmA==}
    peerDependencies:
      postcss: ^8.1.0
    dependencies:
      postcss: 8.4.12
    dev: true

  /postcss-gap-properties/3.0.3_postcss@8.4.12:
    resolution: {integrity: sha512-rPPZRLPmEKgLk/KlXMqRaNkYTUpE7YC+bOIQFN5xcu1Vp11Y4faIXv6/Jpft6FMnl6YRxZqDZG0qQOW80stzxQ==}
    engines: {node: ^12 || ^14 || >=16}
    peerDependencies:
      postcss: ^8.4
    dependencies:
      postcss: 8.4.12
    dev: true

  /postcss-image-set-function/4.0.6_postcss@8.4.12:
    resolution: {integrity: sha512-KfdC6vg53GC+vPd2+HYzsZ6obmPqOk6HY09kttU19+Gj1nC3S3XBVEXDHxkhxTohgZqzbUb94bKXvKDnYWBm/A==}
    engines: {node: ^12 || ^14 || >=16}
    peerDependencies:
      postcss: ^8.4
    dependencies:
      postcss: 8.4.12
      postcss-value-parser: 4.2.0
    dev: true

  /postcss-initial/4.0.1_postcss@8.4.12:
    resolution: {integrity: sha512-0ueD7rPqX8Pn1xJIjay0AZeIuDoF+V+VvMt/uOnn+4ezUKhZM/NokDeP6DwMNyIoYByuN/94IQnt5FEkaN59xQ==}
    peerDependencies:
      postcss: ^8.0.0
    dependencies:
      postcss: 8.4.12
    dev: true

  /postcss-lab-function/4.1.2_postcss@8.4.12:
    resolution: {integrity: sha512-isudf5ldhg4fk16M8viAwAbg6Gv14lVO35N3Z/49NhbwPQ2xbiEoHgrRgpgQojosF4vF7jY653ktB6dDrUOR8Q==}
    engines: {node: ^12 || ^14 || >=16}
    peerDependencies:
      postcss: ^8.4
    dependencies:
      '@csstools/postcss-progressive-custom-properties': 1.3.0_postcss@8.4.12
      postcss: 8.4.12
      postcss-value-parser: 4.2.0
    dev: true

  /postcss-logical/5.0.4_postcss@8.4.12:
    resolution: {integrity: sha512-RHXxplCeLh9VjinvMrZONq7im4wjWGlRJAqmAVLXyZaXwfDWP73/oq4NdIp+OZwhQUMj0zjqDfM5Fj7qby+B4g==}
    engines: {node: ^12 || ^14 || >=16}
    peerDependencies:
      postcss: ^8.4
    dependencies:
      postcss: 8.4.12
    dev: true

  /postcss-media-minmax/5.0.0_postcss@8.4.12:
    resolution: {integrity: sha512-yDUvFf9QdFZTuCUg0g0uNSHVlJ5X1lSzDZjPSFaiCWvjgsvu8vEVxtahPrLMinIDEEGnx6cBe6iqdx5YWz08wQ==}
    engines: {node: '>=10.0.0'}
    peerDependencies:
      postcss: ^8.1.0
    dependencies:
      postcss: 8.4.12
    dev: true

  /postcss-nesting/10.1.3_postcss@8.4.12:
    resolution: {integrity: sha512-wUC+/YCik4wH3StsbC5fBG1s2Z3ZV74vjGqBFYtmYKlVxoio5TYGM06AiaKkQPPlkXWn72HKfS7Cw5PYxnoXSw==}
    engines: {node: ^12 || ^14 || >=16}
    peerDependencies:
      postcss: ^8.4
    dependencies:
      postcss: 8.4.12
      postcss-selector-parser: 6.0.9
    dev: true

  /postcss-opacity-percentage/1.1.2:
    resolution: {integrity: sha512-lyUfF7miG+yewZ8EAk9XUBIlrHyUE6fijnesuz+Mj5zrIHIEw6KcIZSOk/elVMqzLvREmXB83Zi/5QpNRYd47w==}
    engines: {node: ^12 || ^14 || >=16}
    dev: true

  /postcss-overflow-shorthand/3.0.3_postcss@8.4.12:
    resolution: {integrity: sha512-CxZwoWup9KXzQeeIxtgOciQ00tDtnylYIlJBBODqkgS/PU2jISuWOL/mYLHmZb9ZhZiCaNKsCRiLp22dZUtNsg==}
    engines: {node: ^12 || ^14 || >=16}
    peerDependencies:
      postcss: ^8.4
    dependencies:
      postcss: 8.4.12
    dev: true

  /postcss-page-break/3.0.4_postcss@8.4.12:
    resolution: {integrity: sha512-1JGu8oCjVXLa9q9rFTo4MbeeA5FMe00/9C7lN4va606Rdb+HkxXtXsmEDrIraQ11fGz/WvKWa8gMuCKkrXpTsQ==}
    peerDependencies:
      postcss: ^8
    dependencies:
      postcss: 8.4.12
    dev: true

  /postcss-place/7.0.4_postcss@8.4.12:
    resolution: {integrity: sha512-MrgKeiiu5OC/TETQO45kV3npRjOFxEHthsqGtkh3I1rPbZSbXGD/lZVi9j13cYh+NA8PIAPyk6sGjT9QbRyvSg==}
    engines: {node: ^12 || ^14 || >=16}
    peerDependencies:
      postcss: ^8.4
    dependencies:
      postcss: 8.4.12
      postcss-value-parser: 4.2.0
    dev: true

  /postcss-preset-env/7.4.3_postcss@8.4.12:
    resolution: {integrity: sha512-dlPA65g9KuGv7YsmGyCKtFkZKCPLkoVMUE3omOl6yM+qrynVHxFvf0tMuippIrXB/sB/MyhL1FgTIbrO+qMERg==}
    engines: {node: ^12 || ^14 || >=16}
    peerDependencies:
      postcss: ^8.4
    dependencies:
      '@csstools/postcss-color-function': 1.0.3_postcss@8.4.12
      '@csstools/postcss-font-format-keywords': 1.0.0_postcss@8.4.12
      '@csstools/postcss-hwb-function': 1.0.0_postcss@8.4.12
      '@csstools/postcss-ic-unit': 1.0.0_postcss@8.4.12
      '@csstools/postcss-is-pseudo-class': 2.0.1_postcss@8.4.12
      '@csstools/postcss-normalize-display-values': 1.0.0_postcss@8.4.12
      '@csstools/postcss-oklab-function': 1.0.2_postcss@8.4.12
      '@csstools/postcss-progressive-custom-properties': 1.3.0_postcss@8.4.12
      autoprefixer: 10.4.4_postcss@8.4.12
      browserslist: 4.20.2
      css-blank-pseudo: 3.0.3_postcss@8.4.12
      css-has-pseudo: 3.0.4_postcss@8.4.12
      css-prefers-color-scheme: 6.0.3_postcss@8.4.12
      cssdb: 6.5.0
      postcss: 8.4.12
      postcss-attribute-case-insensitive: 5.0.0_postcss@8.4.12
      postcss-clamp: 4.1.0_postcss@8.4.12
      postcss-color-functional-notation: 4.2.2_postcss@8.4.12
      postcss-color-hex-alpha: 8.0.3_postcss@8.4.12
      postcss-color-rebeccapurple: 7.0.2_postcss@8.4.12
      postcss-custom-media: 8.0.0_postcss@8.4.12
      postcss-custom-properties: 12.1.5_postcss@8.4.12
      postcss-custom-selectors: 6.0.0_postcss@8.4.12
      postcss-dir-pseudo-class: 6.0.4_postcss@8.4.12
      postcss-double-position-gradients: 3.1.1_postcss@8.4.12
      postcss-env-function: 4.0.6_postcss@8.4.12
      postcss-focus-visible: 6.0.4_postcss@8.4.12
      postcss-focus-within: 5.0.4_postcss@8.4.12
      postcss-font-variant: 5.0.0_postcss@8.4.12
      postcss-gap-properties: 3.0.3_postcss@8.4.12
      postcss-image-set-function: 4.0.6_postcss@8.4.12
      postcss-initial: 4.0.1_postcss@8.4.12
      postcss-lab-function: 4.1.2_postcss@8.4.12
      postcss-logical: 5.0.4_postcss@8.4.12
      postcss-media-minmax: 5.0.0_postcss@8.4.12
      postcss-nesting: 10.1.3_postcss@8.4.12
      postcss-opacity-percentage: 1.1.2
      postcss-overflow-shorthand: 3.0.3_postcss@8.4.12
      postcss-page-break: 3.0.4_postcss@8.4.12
      postcss-place: 7.0.4_postcss@8.4.12
      postcss-pseudo-class-any-link: 7.1.1_postcss@8.4.12
      postcss-replace-overflow-wrap: 4.0.0_postcss@8.4.12
      postcss-selector-not: 5.0.0_postcss@8.4.12
      postcss-value-parser: 4.2.0
    dev: true

  /postcss-pseudo-class-any-link/7.1.1_postcss@8.4.12:
    resolution: {integrity: sha512-JRoLFvPEX/1YTPxRxp1JO4WxBVXJYrSY7NHeak5LImwJ+VobFMwYDQHvfTXEpcn+7fYIeGkC29zYFhFWIZD8fg==}
    engines: {node: ^12 || ^14 || >=16}
    peerDependencies:
      postcss: ^8.4
    dependencies:
      postcss: 8.4.12
      postcss-selector-parser: 6.0.9
    dev: true

  /postcss-replace-overflow-wrap/4.0.0_postcss@8.4.12:
    resolution: {integrity: sha512-KmF7SBPphT4gPPcKZc7aDkweHiKEEO8cla/GjcBK+ckKxiZslIu3C4GCRW3DNfL0o7yW7kMQu9xlZ1kXRXLXtw==}
    peerDependencies:
      postcss: ^8.0.3
    dependencies:
      postcss: 8.4.12
    dev: true

  /postcss-selector-not/5.0.0_postcss@8.4.12:
    resolution: {integrity: sha512-/2K3A4TCP9orP4TNS7u3tGdRFVKqz/E6pX3aGnriPG0jU78of8wsUcqE4QAhWEU0d+WnMSF93Ah3F//vUtK+iQ==}
    peerDependencies:
      postcss: ^8.1.0
    dependencies:
      balanced-match: 1.0.2
      postcss: 8.4.12
    dev: true

  /postcss-selector-parser/6.0.9:
    resolution: {integrity: sha512-UO3SgnZOVTwu4kyLR22UQ1xZh086RyNZppb7lLAKBFK8a32ttG5i87Y/P3+2bRSjZNyJ1B7hfFNo273tKe9YxQ==}
    engines: {node: '>=4'}
    dependencies:
      cssesc: 3.0.0
      util-deprecate: 1.0.2
    dev: true

  /postcss-value-parser/4.2.0:
    resolution: {integrity: sha512-1NNCs6uurfkVbeXG4S8JFT9t19m45ICnif8zWLd5oPSZ50QnwMfK+H3jv408d4jw/7Bttv5axS5IiHoLaVNHeQ==}
    dev: true

  /postcss/8.4.12:
    resolution: {integrity: sha512-lg6eITwYe9v6Hr5CncVbK70SoioNQIq81nsaG86ev5hAidQvmOeETBqs7jm43K2F5/Ley3ytDtriImV6TpNiSg==}
    engines: {node: ^10 || ^12 || >=14}
    dependencies:
      nanoid: 3.3.1
      picocolors: 1.0.0
      source-map-js: 1.0.2
    dev: true

  /prr/1.0.1:
    resolution: {integrity: sha1-0/wRS6BplaRexok/SEzrHXj19HY=}
    dev: true
    optional: true

  /resolve/1.22.0:
    resolution: {integrity: sha512-Hhtrw0nLeSrFQ7phPp4OOcVjLPIeMnRlr5mcnVuMe7M/7eBn98A3hmFRLoFo3DLZkivSYwhRUJTyPyWAk56WLw==}
    hasBin: true
    dependencies:
      is-core-module: 2.8.1
      path-parse: 1.0.7
      supports-preserve-symlinks-flag: 1.0.0
    dev: true

  /rollup/2.70.1:
    resolution: {integrity: sha512-CRYsI5EuzLbXdxC6RnYhOuRdtz4bhejPMSWjsFLfVM/7w/85n2szZv6yExqUXsBdz5KT8eoubeyDUDjhLHEslA==}
    engines: {node: '>=10.0.0'}
    hasBin: true
    optionalDependencies:
      fsevents: 2.3.2
    dev: true

  /safer-buffer/2.1.2:
    resolution: {integrity: sha512-YZo3K82SD7Riyi0E1EQPojLz7kpepnSQI9IyPbHHg1XXXevb5dJI7tpyN2ADxGcQbHG7vcyRHk0cbwqcQriUtg==}
    dev: true
    optional: true

  /sax/1.2.4:
    resolution: {integrity: sha512-NqVDv9TpANUjFm0N8uM5GxL36UgKi9/atZw+x7YFnQ8ckwFGKrl4xX4yWtrey3UJm5nP1kUbnYgLopqWNSRhWw==}
    dev: true
    optional: true

  /semver/5.7.1:
    resolution: {integrity: sha512-sauaDf/PZdVgrLTNYHRtpXa1iRiKcaebiKQ1BJdpQlWH2lCvexQdX55snPFyK7QzpudqbCI0qXFfOasHdyNDGQ==}
    hasBin: true
    dev: true
    optional: true

  /source-map-js/1.0.2:
    resolution: {integrity: sha512-R0XvVJ9WusLiqTCEiGCmICCMplcCkIwwR11mOSD9CR5u+IXYdiseeEuXCVAjS54zqwkLcPNnmU4OeJ6tUrWhDw==}
    engines: {node: '>=0.10.0'}
    dev: true

  /source-map/0.6.1:
    resolution: {integrity: sha512-UjgapumWlbMhkBgzT7Ykc5YXUT46F0iKu8SGXq0bcwP5dz/h0Plj6enJqjz1Zbq2l5WaqYnrVbwWOWMyF3F47g==}
    engines: {node: '>=0.10.0'}
    requiresBuild: true
    dev: true
    optional: true

  /supports-preserve-symlinks-flag/1.0.0:
    resolution: {integrity: sha512-ot0WnXS9fgdkgIcePe6RHNk1WA8+muPa6cSjeR3V8K27q9BB1rTE3R1p7Hv0z1ZyAc8s6Vvv8DIyWf681MAt0w==}
    engines: {node: '>= 0.4'}
    dev: true

  /tslib/2.3.1:
    resolution: {integrity: sha512-77EbyPPpMz+FRFRuAFlWMtmgUWGe9UOG2Z25NqCwiIjRhOf5iKGuzSe5P2w1laq+FkRy4p+PCuVkJSGkzTEKVw==}
    dev: true

  /util-deprecate/1.0.2:
    resolution: {integrity: sha1-RQ1Nyfpw3nMnYvvS1KKJgUGaDM8=}
    dev: true

  /vite/2.8.6_less@4.1.2:
    resolution: {integrity: sha512-e4H0QpludOVKkmOsRyqQ7LTcMUDF3mcgyNU4lmi0B5JUbe0ZxeBBl8VoZ8Y6Rfn9eFKYtdXNPcYK97ZwH+K2ug==}
    engines: {node: '>=12.2.0'}
    hasBin: true
    peerDependencies:
      less: '*'
      sass: '*'
      stylus: '*'
    peerDependenciesMeta:
      less:
        optional: true
      sass:
        optional: true
      stylus:
        optional: true
    dependencies:
      esbuild: 0.14.27
      less: 4.1.2
      postcss: 8.4.12
      resolve: 1.22.0
      rollup: 2.70.1
    optionalDependencies:
      fsevents: 2.3.2
    dev: true
